
Microsoft Visual Studio Solution File, Format Version 12.00
# Visual Studio Version 16
VisualStudioVersion = 16.0.31205.134
MinimumVisualStudioVersion = 10.0.40219.1
Project("{8BC9CEB8-8B4A-11D0-8D11-00A0C91BC942}") = "R03_G2_DxLibSample", "R03_G2_DxLibSample.vcxproj", "{552BE0E7-FB38-43E0-9884-DDF54C09AFEC}"
EndProject
Global
	GlobalSection(SolutionConfigurationPlatforms) = preSolution
		Debug|x64 = Debug|x64
		Debug|x86 = Debug|x86
		Release|x64 = Release|x64
		Release|x86 = Release|x86
	EndGlobalSection
	GlobalSection(ProjectConfigurationPlatforms) = postSolution
		{552BE0E7-FB38-43E0-9884-DDF54C09AFEC}.Debug|x64.ActiveCfg = Debug|x64
		{552BE0E7-FB38-43E0-9884-DDF54C09AFEC}.Debug|x64.Build.0 = Debug|x64
		{552BE0E7-FB38-43E0-9884-DDF54C09AFEC}.Debug|x86.ActiveCfg = Debug|Win32
		{552BE0E7-FB38-43E0-9884-DDF54C09AFEC}.Debug|x86.Build.0 = Debug|Win32
		{552BE0E7-FB38-43E0-9884-DDF54C09AFEC}.Release|x64.ActiveCfg = Release|x64
		{552BE0E7-FB38-43E0-9884-DDF54C09AFEC}.Release|x64.Build.0 = Release|x64
		{552BE0E7-FB38-43E0-9884-DDF54C09AFEC}.Release|x86.ActiveCfg = Release|Win32
		{552BE0E7-FB38-43E0-9884-DDF54C09AFEC}.Release|x86.Build.0 = Release|Win32
	EndGlobalSection
	GlobalSection(SolutionProperties) = preSolution
		HideSolutionNode = FALSE
	EndGlobalSection
	GlobalSection(ExtensibilityGlobals) = postSolution
		SolutionGuid = {002CD611-48C1-4D31-BCE5-8B2B877EF712}
	EndGlobalSection
EndGlobal
